Microsoft Visual Studio Solution File, Format Version 12.00
# Visual Studio Version 17
VisualStudioVersion = 17.5.2.0
MinimumVisualStudioVersion = 10.0.40219.1
Project("{FAE04EC0-301F-11D3-BF4B-00C04F79EFBC}") = "HandlingExceptions", "HandlingExceptions.csproj", "{91876E54-B41E-5B28-60D9-B9E1889C6136}"
EndProject
Global
	GlobalSection(SolutionConfigurationPlatforms) = preSolution
		Debug|Any CPU = Debug|Any CPU
		Release|Any CPU = Release|Any CPU
	EndGlobalSection
	GlobalSection(ProjectConfigurationPlatforms) = postSolution
		{91876E54-B41E-5B28-60D9-B9E1889C6136}.Debug|Any CPU.ActiveCfg = Debug|Any CPU
		{91876E54-B41E-5B28-60D9-B9E1889C6136}.Debug|Any CPU.Build.0 = Debug|Any CPU
		{91876E54-B41E-5B28-60D9-B9E1889C6136}.Release|Any CPU.ActiveCfg = Release|Any CPU
		{91876E54-B41E-5B28-60D9-B9E1889C6136}.Release|Any CPU.Build.0 = Release|Any CPU
	EndGlobalSection
	GlobalSection(SolutionProperties) = preSolution
		HideSolutionNode = FALSE
	EndGlobalSection
	GlobalSection(ExtensibilityGlobals) = postSolution
		SolutionGuid = {78758521-6BEC-4695-B36C-82DFFD877AAF}
	EndGlobalSection
EndGlobal
