
Microsoft Visual Studio Solution File, Format Version 12.00
# Visual Studio Version 17
VisualStudioVersion = 17.0.31903.59
MinimumVisualStudioVersion = 10.0.40219.1
Project("{FAE04EC0-301F-11D3-BF4B-00C04F79EFBC}") = "AboutMyEnvironment", "AboutMyEnvironment\AboutMyEnvironment.csproj", "{E8D42DF6-4E6E-4CC1-A635-E14EBAF24E6B}"
EndProject
Project("{FAE04EC0-301F-11D3-BF4B-00C04F79EFBC}") = "HelloCS", "HelloCS\HelloCS.csproj", "{57574546-CB7A-473C-9C96-6D4CF16C565A}"
EndProject
Global
	GlobalSection(SolutionConfigurationPlatforms) = preSolution
		Debug|Any CPU = Debug|Any CPU
		Debug|x64 = Debug|x64
		Debug|x86 = Debug|x86
		Release|Any CPU = Release|Any CPU
		Release|x64 = Release|x64
		Release|x86 = Release|x86
	EndGlobalSection
	GlobalSection(ProjectConfigurationPlatforms) = postSolution
		{E8D42DF6-4E6E-4CC1-A635-E14EBAF24E6B}.Debug|Any CPU.ActiveCfg = Debug|Any CPU
		{E8D42DF6-4E6E-4CC1-A635-E14EBAF24E6B}.Debug|Any CPU.Build.0 = Debug|Any CPU
		{E8D42DF6-4E6E-4CC1-A635-E14EBAF24E6B}.Debug|x64.ActiveCfg = Debug|Any CPU
		{E8D42DF6-4E6E-4CC1-A635-E14EBAF24E6B}.Debug|x64.Build.0 = Debug|Any CPU
		{E8D42DF6-4E6E-4CC1-A635-E14EBAF24E6B}.Debug|x86.ActiveCfg = Debug|Any CPU
		{E8D42DF6-4E6E-4CC1-A635-E14EBAF24E6B}.Debug|x86.Build.0 = Debug|Any CPU
		{E8D42DF6-4E6E-4CC1-A635-E14EBAF24E6B}.Release|Any CPU.ActiveCfg = Release|Any CPU
		{E8D42DF6-4E6E-4CC1-A635-E14EBAF24E6B}.Release|Any CPU.Build.0 = Release|Any CPU
		{E8D42DF6-4E6E-4CC1-A635-E14EBAF24E6B}.Release|x64.ActiveCfg = Release|Any CPU
		{E8D42DF6-4E6E-4CC1-A635-E14EBAF24E6B}.Release|x64.Build.0 = Release|Any CPU
		{E8D42DF6-4E6E-4CC1-A635-E14EBAF24E6B}.Release|x86.ActiveCfg = Release|Any CPU
		{E8D42DF6-4E6E-4CC1-A635-E14EBAF24E6B}.Release|x86.Build.0 = Release|Any CPU
		{57574546-CB7A-473C-9C96-6D4CF16C565A}.Debug|Any CPU.ActiveCfg = Debug|Any CPU
		{57574546-CB7A-473C-9C96-6D4CF16C565A}.Debug|Any CPU.Build.0 = Debug|Any CPU
		{57574546-CB7A-473C-9C96-6D4CF16C565A}.Debug|x64.ActiveCfg = Debug|Any CPU
		{57574546-CB7A-473C-9C96-6D4CF16C565A}.Debug|x64.Build.0 = Debug|Any CPU
		{57574546-CB7A-473C-9C96-6D4CF16C565A}.Debug|x86.ActiveCfg = Debug|Any CPU
		{57574546-CB7A-473C-9C96-6D4CF16C565A}.Debug|x86.Build.0 = Debug|Any CPU
		{57574546-CB7A-473C-9C96-6D4CF16C565A}.Release|Any CPU.ActiveCfg = Release|Any CPU
		{57574546-CB7A-473C-9C96-6D4CF16C565A}.Release|Any CPU.Build.0 = Release|Any CPU
		{57574546-CB7A-473C-9C96-6D4CF16C565A}.Release|x64.ActiveCfg = Release|Any CPU
		{57574546-CB7A-473C-9C96-6D4CF16C565A}.Release|x64.Build.0 = Release|Any CPU
		{57574546-CB7A-473C-9C96-6D4CF16C565A}.Release|x86.ActiveCfg = Release|Any CPU
		{57574546-CB7A-473C-9C96-6D4CF16C565A}.Release|x86.Build.0 = Release|Any CPU
	EndGlobalSection
	GlobalSection(SolutionProperties) = preSolution
		HideSolutionNode = FALSE
	EndGlobalSection
EndGlobal
